
Microsoft Visual Studio Solution File, Format Version 12.00
# Visual Studio Version 17
VisualStudioVersion = 17.0.32014.148
MinimumVisualStudioVersion = 10.0.40219.1
Project("{FAE04EC0-301F-11D3-BF4B-00C04F79EFBC}") = "CMSWebUI", "CMSWebUI\CMSWebUI.csproj", "{274FBF77-D58F-4065-B819-953709998AAF}"
EndProject
Global
	GlobalSection(SolutionConfigurationPlatforms) = preSolution
		Debug|Any CPU = Debug|Any CPU
		Release|Any CPU = Release|Any CPU
	EndGlobalSection
	GlobalSection(ProjectConfigurationPlatforms) = postSolution
		{274FBF77-D58F-4065-B819-953709998AAF}.Debug|Any CPU.ActiveCfg = Debug|Any CPU
		{274FBF77-D58F-4065-B819-953709998AAF}.Debug|Any CPU.Build.0 = Debug|Any CPU
		{274FBF77-D58F-4065-B819-953709998AAF}.Release|Any CPU.ActiveCfg = Release|Any CPU
		{274FBF77-D58F-4065-B819-953709998AAF}.Release|Any CPU.Build.0 = Release|Any CPU
	EndGlobalSection
	GlobalSection(SolutionProperties) = preSolution
		HideSolutionNode = FALSE
	EndGlobalSection
	GlobalSection(ExtensibilityGlobals) = postSolution
		SolutionGuid = {42C0DBD5-05FA-4253-8878-A6B339454BF3}
	EndGlobalSection
EndGlobal
